// !$*UTF8*$!
{
	archiveVersion = 1;
	classes = {
	};
	objectVersion = 56;
	objects = {

/* Begin PBXBuildFile section */
		D25D896329FC27AC0001F005 /* SwiftHeroesApp.swift in Sources */ = {isa = PBXBuildFile; fileRef = D25D896229FC27AC0001F005 /* SwiftHeroesApp.swift */; };
		D25D896529FC27AC0001F005 /* ContentView.swift in Sources */ = {isa = PBXBuildFile; fileRef = D25D896429FC27AC0001F005 /* ContentView.swift */; };
		D25D896729FC27AD0001F005 /* Assets.xcassets in Resources */ = {isa = PBXBuildFile; fileRef = D25D896629FC27AD0001F005 /* Assets.xcassets */; };
		D25D896A29FC27AD0001F005 /* Preview Assets.xcassets in Resources */ = {isa = PBXBuildFile; fileRef = D25D896929FC27AD0001F005 /* Preview Assets.xcassets */; };
		D25D897129FC27BD0001F005 /* BaseColors.swift in Sources */ = {isa = PBXBuildFile; fileRef = D25D897029FC27BD0001F005 /* BaseColors.swift */; };
		D25D897429FC28C70001F005 /* ColorTokens.swift in Sources */ = {isa = PBXBuildFile; fileRef = D25D897329FC28C70001F005 /* ColorTokens.swift */; };
		D25D897629FC2E120001F005 /* DesignLibrary.swift in Sources */ = {isa = PBXBuildFile; fileRef = D25D897529FC2E120001F005 /* DesignLibrary.swift */; };
		D25D897829FCF3B20001F005 /* CardView.swift in Sources */ = {isa = PBXBuildFile; fileRef = D25D897729FCF3B20001F005 /* CardView.swift */; };
		D25D897B29FE75890001F005 /* HeptaSlab-Bold.ttf in Resources */ = {isa = PBXBuildFile; fileRef = D25D897A29FE75890001F005 /* HeptaSlab-Bold.ttf */; };
		D25D898029FE823E0001F005 /* CustomFont.swift in Sources */ = {isa = PBXBuildFile; fileRef = D25D897F29FE823E0001F005 /* CustomFont.swift */; };
		D25D898229FE82C70001F005 /* FontTokens.swift in Sources */ = {isa = PBXBuildFile; fileRef = D25D898129FE82C70001F005 /* FontTokens.swift */; };
		D25D898529FEAAF80001F005 /* SpaceGrotesk-Regular.ttf in Resources */ = {isa = PBXBuildFile; fileRef = D25D898329FEAAF80001F005 /* SpaceGrotesk-Regular.ttf */; };
		D25D898629FEAAF80001F005 /* SpaceGrotesk-Bold.ttf in Resources */ = {isa = PBXBuildFile; fileRef = D25D898429FEAAF80001F005 /* SpaceGrotesk-Bold.ttf */; };
		D25D898A29FEAC5A0001F005 /* PlayfairDisplay-Bold.ttf in Resources */ = {isa = PBXBuildFile; fileRef = D25D898729FEAC5A0001F005 /* PlayfairDisplay-Bold.ttf */; };
		D25D898B29FEAC5A0001F005 /* Raleway-Bold.ttf in Resources */ = {isa = PBXBuildFile; fileRef = D25D898829FEAC5A0001F005 /* Raleway-Bold.ttf */; };
		D25D898C29FEAC5A0001F005 /* Raleway-Regular.ttf in Resources */ = {isa = PBXBuildFile; fileRef = D25D898929FEAC5A0001F005 /* Raleway-Regular.ttf */; };
		D25D898F29FFFD750001F005 /* MiscellaneousTokens.swift in Sources */ = {isa = PBXBuildFile; fileRef = D25D898E29FFFD750001F005 /* MiscellaneousTokens.swift */; };
/* End PBXBuildFile section */

/* Begin PBXFileReference section */
		D25D895F29FC27AC0001F005 /* SwiftHeroes.app */ = {isa = PBXFileReference; explicitFileType = wrapper.application; includeInIndex = 0; path = SwiftHeroes.app; sourceTree = BUILT_PRODUCTS_DIR; };
		D25D896229FC27AC0001F005 /* SwiftHeroesApp.swift */ = {isa = PBXFileReference; lastKnownFileType = sourcecode.swift; path = SwiftHeroesApp.swift; sourceTree = "<group>"; };
		D25D896429FC27AC0001F005 /* ContentView.swift */ = {isa = PBXFileReference; lastKnownFileType = sourcecode.swift; path = ContentView.swift; sourceTree = "<group>"; };
		D25D896629FC27AD0001F005 /* Assets.xcassets */ = {isa = PBXFileReference; lastKnownFileType = folder.assetcatalog; path = Assets.xcassets; sourceTree = "<group>"; };
		D25D896929FC27AD0001F005 /* Preview Assets.xcassets */ = {isa = PBXFileReference; lastKnownFileType = folder.assetcatalog; path = "Preview Assets.xcassets"; sourceTree = "<group>"; };
		D25D897029FC27BD0001F005 /* BaseColors.swift */ = {isa = PBXFileReference; lastKnownFileType = sourcecode.swift; path = BaseColors.swift; sourceTree = "<group>"; };
		D25D897329FC28C70001F005 /* ColorTokens.swift */ = {isa = PBXFileReference; lastKnownFileType = sourcecode.swift; path = ColorTokens.swift; sourceTree = "<group>"; };
		D25D897529FC2E120001F005 /* DesignLibrary.swift */ = {isa = PBXFileReference; lastKnownFileType = sourcecode.swift; path = DesignLibrary.swift; sourceTree = "<group>"; };
		D25D897729FCF3B20001F005 /* CardView.swift */ = {isa = PBXFileReference; lastKnownFileType = sourcecode.swift; path = CardView.swift; sourceTree = "<group>"; };
		D25D897A29FE75890001F005 /* HeptaSlab-Bold.ttf */ = {isa = PBXFileReference; lastKnownFileType = file; path = "HeptaSlab-Bold.ttf"; sourceTree = "<group>"; };
		D25D897C29FE7BC70001F005 /* Info.plist */ = {isa = PBXFileReference; lastKnownFileType = text.plist; path = Info.plist; sourceTree = "<group>"; };
		D25D897F29FE823E0001F005 /* CustomFont.swift */ = {isa = PBXFileReference; lastKnownFileType = sourcecode.swift; path = CustomFont.swift; sourceTree = "<group>"; };
		D25D898129FE82C70001F005 /* FontTokens.swift */ = {isa = PBXFileReference; lastKnownFileType = sourcecode.swift; path = FontTokens.swift; sourceTree = "<group>"; };
		D25D898329FEAAF80001F005 /* SpaceGrotesk-Regular.ttf */ = {isa = PBXFileReference; lastKnownFileType = file; path = "SpaceGrotesk-Regular.ttf"; sourceTree = "<group>"; };
		D25D898429FEAAF80001F005 /* SpaceGrotesk-Bold.ttf */ = {isa = PBXFileReference; lastKnownFileType = file; path = "SpaceGrotesk-Bold.ttf"; sourceTree = "<group>"; };
		D25D898729FEAC5A0001F005 /* PlayfairDisplay-Bold.ttf */ = {isa = PBXFileReference; lastKnownFileType = file; path = "PlayfairDisplay-Bold.ttf"; sourceTree = "<group>"; };
		D25D898829FEAC5A0001F005 /* Raleway-Bold.ttf */ = {isa = PBXFileReference; lastKnownFileType = file; path = "Raleway-Bold.ttf"; sourceTree = "<group>"; };
		D25D898929FEAC5A0001F005 /* Raleway-Regular.ttf */ = {isa = PBXFileReference; lastKnownFileType = file; path = "Raleway-Regular.ttf"; sourceTree = "<group>"; };
		D25D898E29FFFD750001F005 /* MiscellaneousTokens.swift */ = {isa = PBXFileReference; lastKnownFileType = sourcecode.swift; path = MiscellaneousTokens.swift; sourceTree = "<group>"; };
/* End PBXFileReference section */

/* Begin PBXFrameworksBuildPhase section */
		D25D895C29FC27AC0001F005 /* Frameworks */ = {
			isa = PBXFrameworksBuildPhase;
			buildActionMask = 2147483647;
			files = (
			);
			runOnlyForDeploymentPostprocessing = 0;
		};
/* End PBXFrameworksBuildPhase section */

/* Begin PBXGroup section */
		D25D895629FC27AC0001F005 = {
			isa = PBXGroup;
			children = (
				D25D896129FC27AC0001F005 /* SwiftHeroes */,
				D25D896029FC27AC0001F005 /* Products */,
			);
			sourceTree = "<group>";
		};
		D25D896029FC27AC0001F005 /* Products */ = {
			isa = PBXGroup;
			children = (
				D25D895F29FC27AC0001F005 /* SwiftHeroes.app */,
			);
			name = Products;
			sourceTree = "<group>";
		};
		D25D896129FC27AC0001F005 /* SwiftHeroes */ = {
			isa = PBXGroup;
			children = (
				D25D897C29FE7BC70001F005 /* Info.plist */,
				D25D897929FE75710001F005 /* Font */,
				D25D896229FC27AC0001F005 /* SwiftHeroesApp.swift */,
				D25D896429FC27AC0001F005 /* ContentView.swift */,
				D25D896629FC27AD0001F005 /* Assets.xcassets */,
				D25D896829FC27AD0001F005 /* Preview Content */,
				D25D897729FCF3B20001F005 /* CardView.swift */,
				D25D897229FC28AE0001F005 /* DesignLibrary */,
			);
			path = SwiftHeroes;
			sourceTree = "<group>";
		};
		D25D896829FC27AD0001F005 /* Preview Content */ = {
			isa = PBXGroup;
			children = (
				D25D896929FC27AD0001F005 /* Preview Assets.xcassets */,
			);
			path = "Preview Content";
			sourceTree = "<group>";
		};
		D25D897229FC28AE0001F005 /* DesignLibrary */ = {
			isa = PBXGroup;
			children = (
				D25D898D29FFFD650001F005 /* Miscellaneous */,
				D25D897E29FE819B0001F005 /* Font */,
				D25D897D29FE81950001F005 /* Colors */,
				D25D897529FC2E120001F005 /* DesignLibrary.swift */,
			);
			path = DesignLibrary;
			sourceTree = "<group>";
		};
		D25D897929FE75710001F005 /* Font */ = {
			isa = PBXGroup;
			children = (
				D25D898729FEAC5A0001F005 /* PlayfairDisplay-Bold.ttf */,
				D25D898829FEAC5A0001F005 /* Raleway-Bold.ttf */,
				D25D898929FEAC5A0001F005 /* Raleway-Regular.ttf */,
				D25D898429FEAAF80001F005 /* SpaceGrotesk-Bold.ttf */,
				D25D898329FEAAF80001F005 /* SpaceGrotesk-Regular.ttf */,
				D25D897A29FE75890001F005 /* HeptaSlab-Bold.ttf */,
			);
			path = Font;
			sourceTree = "<group>";
		};
		D25D897D29FE81950001F005 /* Colors */ = {
			isa = PBXGroup;
			children = (
				D25D897029FC27BD0001F005 /* BaseColors.swift */,
				D25D897329FC28C70001F005 /* ColorTokens.swift */,
			);
			path = Colors;
			sourceTree = "<group>";
		};
		D25D897E29FE819B0001F005 /* Font */ = {
			isa = PBXGroup;
			children = (
				D25D897F29FE823E0001F005 /* CustomFont.swift */,
				D25D898129FE82C70001F005 /* FontTokens.swift */,
			);
			path = Font;
			sourceTree = "<group>";
		};
		D25D898D29FFFD650001F005 /* Miscellaneous */ = {
			isa = PBXGroup;
			children = (
				D25D898E29FFFD750001F005 /* MiscellaneousTokens.swift */,
			);
			path = Miscellaneous;
			sourceTree = "<group>";
		};
/* End PBXGroup section */

/* Begin PBXNativeTarget section */
		D25D895E29FC27AC0001F005 /* SwiftHeroes */ = {
			isa = PBXNativeTarget;
			buildConfigurationList = D25D896D29FC27AD0001F005 /* Build configuration list for PBXNativeTarget "SwiftHeroes" */;
			buildPhases = (
				D25D895B29FC27AC0001F005 /* Sources */,
				D25D895C29FC27AC0001F005 /* Frameworks */,
				D25D895D29FC27AC0001F005 /* Resources */,
			);
			buildRules = (
			);
			dependencies = (
			);
			name = SwiftHeroes;
			productName = SwiftHeroes;
			productReference = D25D895F29FC27AC0001F005 /* SwiftHeroes.app */;
			productType = "com.apple.product-type.application";
		};
/* End PBXNativeTarget section */

/* Begin PBXProject section */
		D25D895729FC27AC0001F005 /* Project object */ = {
			isa = PBXProject;
			attributes = {
				BuildIndependentTargetsInParallel = 1;
				LastSwiftUpdateCheck = 1420;
				LastUpgradeCheck = 1420;
				TargetAttributes = {
					D25D895E29FC27AC0001F005 = {
						CreatedOnToolsVersion = 14.2;
					};
				};
			};
			buildConfigurationList = D25D895A29FC27AC0001F005 /* Build configuration list for PBXProject "SwiftHeroes" */;
			compatibilityVersion = "Xcode 14.0";
			developmentRegion = en;
			hasScannedForEncodings = 0;
			knownRegions = (
				en,
				Base,
			);
			mainGroup = D25D895629FC27AC0001F005;
			productRefGroup = D25D896029FC27AC0001F005 /* Products */;
			projectDirPath = "";
			projectRoot = "";
			targets = (
				D25D895E29FC27AC0001F005 /* SwiftHeroes */,
			);
		};
/* End PBXProject section */

/* Begin PBXResourcesBuildPhase section */
		D25D895D29FC27AC0001F005 /* Resources */ = {
			isa = PBXResourcesBuildPhase;
			buildActionMask = 2147483647;
			files = (
				D25D898B29FEAC5A0001F005 /* Raleway-Bold.ttf in Resources */,
				D25D898A29FEAC5A0001F005 /* PlayfairDisplay-Bold.ttf in Resources */,
				D25D896A29FC27AD0001F005 /* Preview Assets.xcassets in Resources */,
				D25D898C29FEAC5A0001F005 /* Raleway-Regular.ttf in Resources */,
				D25D897B29FE75890001F005 /* HeptaSlab-Bold.ttf in Resources */,
				D25D898629FEAAF80001F005 /* SpaceGrotesk-Bold.ttf in Resources */,
				D25D898529FEAAF80001F005 /* SpaceGrotesk-Regular.ttf in Resources */,
				D25D896729FC27AD0001F005 /* Assets.xcassets in Resources */,
			);
			runOnlyForDeploymentPostprocessing = 0;
		};
/* End PBXResourcesBuildPhase section */

/* Begin PBXSourcesBuildPhase section */
		D25D895B29FC27AC0001F005 /* Sources */ = {
			isa = PBXSourcesBuildPhase;
			buildActionMask = 2147483647;
			files = (
				D25D898029FE823E0001F005 /* CustomFont.swift in Sources */,
				D25D897629FC2E120001F005 /* DesignLibrary.swift in Sources */,
				D25D898F29FFFD750001F005 /* MiscellaneousTokens.swift in Sources */,
				D25D897429FC28C70001F005 /* ColorTokens.swift in Sources */,
				D25D896529FC27AC0001F005 /* ContentView.swift in Sources */,
				D25D897129FC27BD0001F005 /* BaseColors.swift in Sources */,
				D25D897829FCF3B20001F005 /* CardView.swift in Sources */,
				D25D898229FE82C70001F005 /* FontTokens.swift in Sources */,
				D25D896329FC27AC0001F005 /* SwiftHeroesApp.swift in Sources */,
			);
			runOnlyForDeploymentPostprocessing = 0;
		};
/* End PBXSourcesBuildPhase section */

/* Begin XCBuildConfiguration section */
		D25D896B29FC27AD0001F005 /* Debug */ = {
			isa = XCBuildConfiguration;
			buildSettings = {
				ALWAYS_SEARCH_USER_PATHS = NO;
				CLANG_ANALYZER_NONNULL = YES;
				CLANG_ANALYZER_NUMBER_OBJECT_CONVERSION = YES_AGGRESSIVE;
				CLANG_CXX_LANGUAGE_STANDARD = "gnu++20";
				CLANG_ENABLE_MODULES = YES;
				CLANG_ENABLE_OBJC_ARC = YES;
				CLANG_ENABLE_OBJC_WEAK = YES;
				CLANG_WARN_BLOCK_CAPTURE_AUTORELEASING = YES;
				CLANG_WARN_BOOL_CONVERSION = YES;
				CLANG_WARN_COMMA = YES;
				CLANG_WARN_CONSTANT_CONVERSION = YES;
				CLANG_WARN_DEPRECATED_OBJC_IMPLEMENTATIONS = YES;
				CLANG_WARN_DIRECT_OBJC_ISA_USAGE = YES_ERROR;
				CLANG_WARN_DOCUMENTATION_COMMENTS = YES;
				CLANG_WARN_EMPTY_BODY = YES;
				CLANG_WARN_ENUM_CONVERSION = YES;
				CLANG_WARN_INFINITE_RECURSION = YES;
				CLANG_WARN_INT_CONVERSION = YES;
				CLANG_WARN_NON_LITERAL_NULL_CONVERSION = YES;
				CLANG_WARN_OBJC_IMPLICIT_RETAIN_SELF = YES;
				CLANG_WARN_OBJC_LITERAL_CONVERSION = YES;
				CLANG_WARN_OBJC_ROOT_CLASS = YES_ERROR;
				CLANG_WARN_QUOTED_INCLUDE_IN_FRAMEWORK_HEADER = YES;
				CLANG_WARN_RANGE_LOOP_ANALYSIS = YES;
				CLANG_WARN_STRICT_PROTOTYPES = YES;
				CLANG_WARN_SUSPICIOUS_MOVE = YES;
				CLANG_WARN_UNGUARDED_AVAILABILITY = YES_AGGRESSIVE;
				CLANG_WARN_UNREACHABLE_CODE = YES;
				CLANG_WARN__DUPLICATE_METHOD_MATCH = YES;
				COPY_PHASE_STRIP = NO;
				DEBUG_INFORMATION_FORMAT = dwarf;
				ENABLE_STRICT_OBJC_MSGSEND = YES;
				ENABLE_TESTABILITY = YES;
				GCC_C_LANGUAGE_STANDARD = gnu11;
				GCC_DYNAMIC_NO_PIC = NO;
				GCC_NO_COMMON_BLOCKS = YES;
				GCC_OPTIMIZATION_LEVEL = 0;
				GCC_PREPROCESSOR_DEFINITIONS = (
					"DEBUG=1",
					"$(inherited)",
				);
				GCC_WARN_64_TO_32_BIT_CONVERSION = YES;
				GCC_WARN_ABOUT_RETURN_TYPE = YES_ERROR;
				GCC_WARN_UNDECLARED_SELECTOR = YES;
				GCC_WARN_UNINITIALIZED_AUTOS = YES_AGGRESSIVE;
				GCC_WARN_UNUSED_FUNCTION = YES;
				GCC_WARN_UNUSED_VARIABLE = YES;
				IPHONEOS_DEPLOYMENT_TARGET = 16.2;
				MTL_ENABLE_DEBUG_INFO = INCLUDE_SOURCE;
				MTL_FAST_MATH = YES;
				ONLY_ACTIVE_ARCH = YES;
				SDKROOT = iphoneos;
				SWIFT_ACTIVE_COMPILATION_CONDITIONS = DEBUG;
				SWIFT_OPTIMIZATION_LEVEL = "-Onone";
			};
			name = Debug;
		};
		D25D896C29FC27AD0001F005 /* Release */ = {
			isa = XCBuildConfiguration;
			buildSettings = {
				ALWAYS_SEARCH_USER_PATHS = NO;
				CLANG_ANALYZER_NONNULL = YES;
				CLANG_ANALYZER_NUMBER_OBJECT_CONVERSION = YES_AGGRESSIVE;
				CLANG_CXX_LANGUAGE_STANDARD = "gnu++20";
				CLANG_ENABLE_MODULES = YES;
				CLANG_ENABLE_OBJC_ARC = YES;
				CLANG_ENABLE_OBJC_WEAK = YES;
				CLANG_WARN_BLOCK_CAPTURE_AUTORELEASING = YES;
				CLANG_WARN_BOOL_CONVERSION = YES;
				CLANG_WARN_COMMA = YES;
				CLANG_WARN_CONSTANT_CONVERSION = YES;
				CLANG_WARN_DEPRECATED_OBJC_IMPLEMENTATIONS = YES;
				CLANG_WARN_DIRECT_OBJC_ISA_USAGE = YES_ERROR;
				CLANG_WARN_DOCUMENTATION_COMMENTS = YES;
				CLANG_WARN_EMPTY_BODY = YES;
				CLANG_WARN_ENUM_CONVERSION = YES;
				CLANG_WARN_INFINITE_RECURSION = YES;
				CLANG_WARN_INT_CONVERSION = YES;
				CLANG_WARN_NON_LITERAL_NULL_CONVERSION = YES;
				CLANG_WARN_OBJC_IMPLICIT_RETAIN_SELF = YES;
				CLANG_WARN_OBJC_LITERAL_CONVERSION = YES;
				CLANG_WARN_OBJC_ROOT_CLASS = YES_ERROR;
				CLANG_WARN_QUOTED_INCLUDE_IN_FRAMEWORK_HEADER = YES;
				CLANG_WARN_RANGE_LOOP_ANALYSIS = YES;
				CLANG_WARN_STRICT_PROTOTYPES = YES;
				CLANG_WARN_SUSPICIOUS_MOVE = YES;
				CLANG_WARN_UNGUARDED_AVAILABILITY = YES_AGGRESSIVE;
				CLANG_WARN_UNREACHABLE_CODE = YES;
				CLANG_WARN__DUPLICATE_METHOD_MATCH = YES;
				COPY_PHASE_STRIP = NO;
				DEBUG_INFORMATION_FORMAT = "dwarf-with-dsym";
				ENABLE_NS_ASSERTIONS = NO;
				ENABLE_STRICT_OBJC_MSGSEND = YES;
				GCC_C_LANGUAGE_STANDARD = gnu11;
				GCC_NO_COMMON_BLOCKS = YES;
				GCC_WARN_64_TO_32_BIT_CONVERSION = YES;
				GCC_WARN_ABOUT_RETURN_TYPE = YES_ERROR;
				GCC_WARN_UNDECLARED_SELECTOR = YES;
				GCC_WARN_UNINITIALIZED_AUTOS = YES_AGGRESSIVE;
				GCC_WARN_UNUSED_FUNCTION = YES;
				GCC_WARN_UNUSED_VARIABLE = YES;
				IPHONEOS_DEPLOYMENT_TARGET = 16.2;
				MTL_ENABLE_DEBUG_INFO = NO;
				MTL_FAST_MATH = YES;
				SDKROOT = iphoneos;
				SWIFT_COMPILATION_MODE = wholemodule;
				SWIFT_OPTIMIZATION_LEVEL = "-O";
				VALIDATE_PRODUCT = YES;
			};
			name = Release;
		};
		D25D896E29FC27AD0001F005 /* Debug */ = {
			isa = XCBuildConfiguration;
			buildSettings = {
				ASSETCATALOG_COMPILER_APPICON_NAME = AppIcon;
				ASSETCATALOG_COMPILER_GLOBAL_ACCENT_COLOR_NAME = AccentColor;
				CODE_SIGN_STYLE = Automatic;
				CURRENT_PROJECT_VERSION = 1;
				DEVELOPMENT_ASSET_PATHS = "\"SwiftHeroes/Preview Content\"";
				DEVELOPMENT_TEAM = 4D3E9BGE9M;
				ENABLE_PREVIEWS = YES;
				GENERATE_INFOPLIST_FILE = YES;
				INFOPLIST_FILE = SwiftHeroes/Info.plist;
				INFOPLIST_KEY_UIApplicationSceneManifest_Generation = YES;
				INFOPLIST_KEY_UIApplicationSupportsIndirectInputEvents = YES;
				INFOPLIST_KEY_UILaunchScreen_Generation = YES;
				INFOPLIST_KEY_UISupportedInterfaceOrientations_iPad = "UIInterfaceOrientationPortrait UIInterfaceOrientationPortraitUpsideDown UIInterfaceOrientationLandscapeLeft UIInterfaceOrientationLandscapeRight";
				INFOPLIST_KEY_UISupportedInterfaceOrientations_iPhone = "UIInterfaceOrientationPortrait UIInterfaceOrientationLandscapeLeft UIInterfaceOrientationLandscapeRight";
				LD_RUNPATH_SEARCH_PATHS = (
					"$(inherited)",
					"@executable_path/Frameworks",
				);
				MARKETING_VERSION = 1.0;
				PRODUCT_BUNDLE_IDENTIFIER = com.theinkedengineer.SwiftHeroes;
				PRODUCT_NAME = "$(TARGET_NAME)";
				SWIFT_EMIT_LOC_STRINGS = YES;
				SWIFT_VERSION = 5.0;
				TARGETED_DEVICE_FAMILY = "1,2";
			};
			name = Debug;
		};
		D25D896F29FC27AD0001F005 /* Release */ = {
			isa = XCBuildConfiguration;
			buildSettings = {
				ASSETCATALOG_COMPILER_APPICON_NAME = AppIcon;
				ASSETCATALOG_COMPILER_GLOBAL_ACCENT_COLOR_NAME = AccentColor;
				CODE_SIGN_STYLE = Automatic;
				CURRENT_PROJECT_VERSION = 1;
				DEVELOPMENT_ASSET_PATHS = "\"SwiftHeroes/Preview Content\"";
				DEVELOPMENT_TEAM = 4D3E9BGE9M;
				ENABLE_PREVIEWS = YES;
				GENERATE_INFOPLIST_FILE = YES;
				INFOPLIST_FILE = SwiftHeroes/Info.plist;
				INFOPLIST_KEY_UIApplicationSceneManifest_Generation = YES;
				INFOPLIST_KEY_UIApplicationSupportsIndirectInputEvents = YES;
				INFOPLIST_KEY_UILaunchScreen_Generation = YES;
				INFOPLIST_KEY_UISupportedInterfaceOrientations_iPad = "UIInterfaceOrientationPortrait UIInterfaceOrientationPortraitUpsideDown UIInterfaceOrientationLandscapeLeft UIInterfaceOrientationLandscapeRight";
				INFOPLIST_KEY_UISupportedInterfaceOrientations_iPhone = "UIInterfaceOrientationPortrait UIInterfaceOrientationLandscapeLeft UIInterfaceOrientationLandscapeRight";
				LD_RUNPATH_SEARCH_PATHS = (
					"$(inherited)",
					"@executable_path/Frameworks",
				);
				MARKETING_VERSION = 1.0;
				PRODUCT_BUNDLE_IDENTIFIER = com.theinkedengineer.SwiftHeroes;
				PRODUCT_NAME = "$(TARGET_NAME)";
				SWIFT_EMIT_LOC_STRINGS = YES;
				SWIFT_VERSION = 5.0;
				TARGETED_DEVICE_FAMILY = "1,2";
			};
			name = Release;
		};
/* End XCBuildConfiguration section */

/* Begin XCConfigurationList section */
		D25D895A29FC27AC0001F005 /* Build configuration list for PBXProject "SwiftHeroes" */ = {
			isa = XCConfigurationList;
			buildConfigurations = (
				D25D896B29FC27AD0001F005 /* Debug */,
				D25D896C29FC27AD0001F005 /* Release */,
			);
			defaultConfigurationIsVisible = 0;
			defaultConfigurationName = Release;
		};
		D25D896D29FC27AD0001F005 /* Build configuration list for PBXNativeTarget "SwiftHeroes" */ = {
			isa = XCConfigurationList;
			buildConfigurations = (
				D25D896E29FC27AD0001F005 /* Debug */,
				D25D896F29FC27AD0001F005 /* Release */,
			);
			defaultConfigurationIsVisible = 0;
			defaultConfigurationName = Release;
		};
/* End XCConfigurationList section */
	};
	rootObject = D25D895729FC27AC0001F005 /* Project object */;
}
